{
    "_readme": [
        "This file locks the dependencies of your project to a known state",
        "Read more about it at https://getcomposer.org/doc/01-basic-usage.md#installing-dependencies",
        "This file is @generated automatically"
    ],
    "content-hash": "64aa8e7f0e0823dcbd261c343b68eb30",
    "packages": [],
    "packages-dev": [
        {
            "name": "nezimi/framework",
            "version": "dev-develop",
            "source": {
                "type": "git",
                "url": "https://github.com/PengYilong/framework.git",
                "reference": "406252db21b6c29e0d2ec9008a0ea4f264cbd9af"
            },
            "dist": {
                "type": "zip",
                "url": "https://api.github.com/repos/PengYilong/framework/zipball/406252db21b6c29e0d2ec9008a0ea4f264cbd9af",
                "reference": "406252db21b6c29e0d2ec9008a0ea4f264cbd9af",
                "shasum": ""
            },
            "require": {
                "php": ">=5.4"
            },
            "require-dev": {
                "nezimi/my-error": "dev-master",
                "nezimi/my-functions": "dev-master",
                "php": ">=5.4"
            },
            "type": "library",
            "autoload": {
                "files": [],
                "psr-4": {
                    "zero\\": "src/zero/"
                }
            },
            "notification-url": "https://packagist.org/downloads/",
            "description": "The ZeroPHP framework",
            "keywords": [
                "php",
                "php framework"
            ],
            "time": "2019-12-14T07:14:22+00:00"
        }
    ],
    "aliases": [],
    "minimum-stability": "dev",
    "stability-flags": {
        "nezimi/framework": 20
    },
    "prefer-stable": false,
    "prefer-lowest": false,
    "platform": {
        "php": ">=5.4"
    },
    "platform-dev": {
        "php": ">=5.4"
    }
}
