{
    "_readme": [
        "This file locks the dependencies of your project to a known state",
        "Read more about it at https://getcomposer.org/doc/01-basic-usage.md#installing-dependencies",
        "This file is @generated automatically"
    ],
    "content-hash": "4b66950b89673b2c00934635e198156c",
    "packages": [
        {
            "name": "zero-systems/framework",
            "version": "dev-master",
            "source": {
                "type": "git",
                "url": "https://github.com/PengYilong/framework.git",
                "reference": "b22c41f40ad4da1d93f2515c53ba4d3e22d0203d"
            },
            "dist": {
                "type": "zip",
                "url": "https://api.github.com/repos/PengYilong/framework/zipball/b22c41f40ad4da1d93f2515c53ba4d3e22d0203d",
                "reference": "b22c41f40ad4da1d93f2515c53ba4d3e22d0203d",
                "shasum": ""
            },
            "require": {
                "php": ">=5.4"
            },
            "require-dev": {
                "php": ">=5.4",
                "zero-systems/zero-error": "dev-master",
                "zero-systems/zero-helper": "dev-master"
            },
            "type": "library",
            "autoload": {
                "psr-4": {
                    "zero\\": "src/zero/"
                }
            },
            "notification-url": "https://packagist.org/downloads/",
            "description": "The ZeroPHP framework",
            "keywords": [
                "php",
                "php framework"
            ],
            "time": "2020-06-05T05:29:08+00:00"
        }
    ],
    "packages-dev": [],
    "aliases": [],
    "minimum-stability": "dev",
    "stability-flags": {
        "zero-systems/framework": 20
    },
    "prefer-stable": false,
    "prefer-lowest": false,
    "platform": {
        "php": ">=7.1.0"
    },
    "platform-dev": {
        "php": ">=5.4"
    },
    "plugin-api-version": "1.1.0"
}
